// !$*UTF8*$!
{
	archiveVersion = 1;
	classes = {
	};
	objectVersion = 50;
	objects = {

/* Begin PBXBuildFile section */
		3D31E4F123356E3A003F51D8 /* Carro.swift in Sources */ = {isa = PBXBuildFile; fileRef = 3D31E4F023356E3A003F51D8 /* Carro.swift */; };
		86B636BF232C37DD00E366AC /* AppDelegate.swift in Sources */ = {isa = PBXBuildFile; fileRef = 86B636BE232C37DD00E366AC /* AppDelegate.swift */; };
		86B636C1232C37DD00E366AC /* ViewController.swift in Sources */ = {isa = PBXBuildFile; fileRef = 86B636C0232C37DD00E366AC /* ViewController.swift */; };
		86B636C4232C37DD00E366AC /* Main.storyboard in Resources */ = {isa = PBXBuildFile; fileRef = 86B636C2232C37DD00E366AC /* Main.storyboard */; };
		86B636C6232C37EF00E366AC /* Assets.xcassets in Resources */ = {isa = PBXBuildFile; fileRef = 86B636C5232C37EF00E366AC /* Assets.xcassets */; };
		86B636C9232C37EF00E366AC /* LaunchScreen.storyboard in Resources */ = {isa = PBXBuildFile; fileRef = 86B636C7232C37EF00E366AC /* LaunchScreen.storyboard */; };
		86B636D4232C37F000E366AC /* tableviewsTests.swift in Sources */ = {isa = PBXBuildFile; fileRef = 86B636D3232C37F000E366AC /* tableviewsTests.swift */; };
		86B636DF232C37F000E366AC /* tableviewsUITests.swift in Sources */ = {isa = PBXBuildFile; fileRef = 86B636DE232C37F000E366AC /* tableviewsUITests.swift */; };
		86B636ED232C3F2900E366AC /* CeldaCarroController.swift in Sources */ = {isa = PBXBuildFile; fileRef = 86B636EC232C3F2900E366AC /* CeldaCarroController.swift */; };
/* End PBXBuildFile section */

/* Begin PBXContainerItemProxy section */
		86B636D0232C37F000E366AC /* PBXContainerItemProxy */ = {
			isa = PBXContainerItemProxy;
			containerPortal = 86B636B3232C37DD00E366AC /* Project object */;
			proxyType = 1;
			remoteGlobalIDString = 86B636BA232C37DD00E366AC;
			remoteInfo = tableviews;
		};
		86B636DB232C37F000E366AC /* PBXContainerItemProxy */ = {
			isa = PBXContainerItemProxy;
			containerPortal = 86B636B3232C37DD00E366AC /* Project object */;
			proxyType = 1;
			remoteGlobalIDString = 86B636BA232C37DD00E366AC;
			remoteInfo = tableviews;
		};
/* End PBXContainerItemProxy section */

/* Begin PBXFileReference section */
		3D31E4F023356E3A003F51D8 /* Carro.swift */ = {isa = PBXFileReference; lastKnownFileType = sourcecode.swift; path = Carro.swift; sourceTree = "<group>"; };
		86B636BB232C37DD00E366AC /* tableviews.app */ = {isa = PBXFileReference; explicitFileType = wrapper.application; includeInIndex = 0; path = tableviews.app; sourceTree = BUILT_PRODUCTS_DIR; };
		86B636BE232C37DD00E366AC /* AppDelegate.swift */ = {isa = PBXFileReference; lastKnownFileType = sourcecode.swift; path = AppDelegate.swift; sourceTree = "<group>"; };
		86B636C0232C37DD00E366AC /* ViewController.swift */ = {isa = PBXFileReference; lastKnownFileType = sourcecode.swift; path = ViewController.swift; sourceTree = "<group>"; };
		86B636C3232C37DD00E366AC /* Base */ = {isa = PBXFileReference; lastKnownFileType = file.storyboard; name = Base; path = Base.lproj/Main.storyboard; sourceTree = "<group>"; };
		86B636C5232C37EF00E366AC /* Assets.xcassets */ = {isa = PBXFileReference; lastKnownFileType = folder.assetcatalog; path = Assets.xcassets; sourceTree = "<group>"; };
		86B636C8232C37EF00E366AC /* Base */ = {isa = PBXFileReference; lastKnownFileType = file.storyboard; name = Base; path = Base.lproj/LaunchScreen.storyboard; sourceTree = "<group>"; };
		86B636CA232C37EF00E366AC /* Info.plist */ = {isa = PBXFileReference; lastKnownFileType = text.plist.xml; path = Info.plist; sourceTree = "<group>"; };
		86B636CF232C37F000E366AC /* tableviewsTests.xctest */ = {isa = PBXFileReference; explicitFileType = wrapper.cfbundle; includeInIndex = 0; path = tableviewsTests.xctest; sourceTree = BUILT_PRODUCTS_DIR; };
		86B636D3232C37F000E366AC /* tableviewsTests.swift */ = {isa = PBXFileReference; lastKnownFileType = sourcecode.swift; path = tableviewsTests.swift; sourceTree = "<group>"; };
		86B636D5232C37F000E366AC /* Info.plist */ = {isa = PBXFileReference; lastKnownFileType = text.plist.xml; path = Info.plist; sourceTree = "<group>"; };
		86B636DA232C37F000E366AC /* tableviewsUITests.xctest */ = {isa = PBXFileReference; explicitFileType = wrapper.cfbundle; includeInIndex = 0; path = tableviewsUITests.xctest; sourceTree = BUILT_PRODUCTS_DIR; };
		86B636DE232C37F000E366AC /* tableviewsUITests.swift */ = {isa = PBXFileReference; lastKnownFileType = sourcecode.swift; path = tableviewsUITests.swift; sourceTree = "<group>"; };
		86B636E0232C37F000E366AC /* Info.plist */ = {isa = PBXFileReference; lastKnownFileType = text.plist.xml; path = Info.plist; sourceTree = "<group>"; };
		86B636EC232C3F2900E366AC /* CeldaCarroController.swift */ = {isa = PBXFileReference; lastKnownFileType = sourcecode.swift; path = CeldaCarroController.swift; sourceTree = "<group>"; };
/* End PBXFileReference section */

/* Begin PBXFrameworksBuildPhase section */
		86B636B8232C37DD00E366AC /* Frameworks */ = {
			isa = PBXFrameworksBuildPhase;
			buildActionMask = 2147483647;
			files = (
			);
			runOnlyForDeploymentPostprocessing = 0;
		};
		86B636CC232C37F000E366AC /* Frameworks */ = {
			isa = PBXFrameworksBuildPhase;
			buildActionMask = 2147483647;
			files = (
			);
			runOnlyForDeploymentPostprocessing = 0;
		};
		86B636D7232C37F000E366AC /* Frameworks */ = {
			isa = PBXFrameworksBuildPhase;
			buildActionMask = 2147483647;
			files = (
			);
			runOnlyForDeploymentPostprocessing = 0;
		};
/* End PBXFrameworksBuildPhase section */

/* Begin PBXGroup section */
		8617C95B23317AD600F96523 /* ViewControllers */ = {
			isa = PBXGroup;
			children = (
				86B636EC232C3F2900E366AC /* CeldaCarroController.swift */,
				86B636C0232C37DD00E366AC /* ViewController.swift */,
			);
			name = ViewControllers;
			sourceTree = "<group>";
		};
		8617C95C23317B0000F96523 /* Resources */ = {
			isa = PBXGroup;
			children = (
				86B636C5232C37EF00E366AC /* Assets.xcassets */,
			);
			name = Resources;
			sourceTree = "<group>";
		};
		8617C95D23317B2100F96523 /* App */ = {
			isa = PBXGroup;
			children = (
				86B636CA232C37EF00E366AC /* Info.plist */,
				86B636BE232C37DD00E366AC /* AppDelegate.swift */,
			);
			name = App;
			sourceTree = "<group>";
		};
		8617C95E23317B2B00F96523 /* Models */ = {
			isa = PBXGroup;
			children = (
				3D31E4F023356E3A003F51D8 /* Carro.swift */,
			);
			name = Models;
			sourceTree = "<group>";
		};
		8617C95F23317B3C00F96523 /* Storyboards */ = {
			isa = PBXGroup;
			children = (
				86B636C2232C37DD00E366AC /* Main.storyboard */,
				86B636C7232C37EF00E366AC /* LaunchScreen.storyboard */,
			);
			name = Storyboards;
			sourceTree = "<group>";
		};
		86B636B2232C37DC00E366AC = {
			isa = PBXGroup;
			children = (
				86B636BD232C37DD00E366AC /* tableviews */,
				86B636D2232C37F000E366AC /* tableviewsTests */,
				86B636DD232C37F000E366AC /* tableviewsUITests */,
				86B636BC232C37DD00E366AC /* Products */,
			);
			sourceTree = "<group>";
		};
		86B636BC232C37DD00E366AC /* Products */ = {
			isa = PBXGroup;
			children = (
				86B636BB232C37DD00E366AC /* tableviews.app */,
				86B636CF232C37F000E366AC /* tableviewsTests.xctest */,
				86B636DA232C37F000E366AC /* tableviewsUITests.xctest */,
			);
			name = Products;
			sourceTree = "<group>";
		};
		86B636BD232C37DD00E366AC /* tableviews */ = {
			isa = PBXGroup;
			children = (
				8617C95F23317B3C00F96523 /* Storyboards */,
				8617C95E23317B2B00F96523 /* Models */,
				8617C95D23317B2100F96523 /* App */,
				8617C95C23317B0000F96523 /* Resources */,
				8617C95B23317AD600F96523 /* ViewControllers */,
			);
			path = tableviews;
			sourceTree = "<group>";
		};
		86B636D2232C37F000E366AC /* tableviewsTests */ = {
			isa = PBXGroup;
			children = (
				86B636D3232C37F000E366AC /* tableviewsTests.swift */,
				86B636D5232C37F000E366AC /* Info.plist */,
			);
			path = tableviewsTests;
			sourceTree = "<group>";
		};
		86B636DD232C37F000E366AC /* tableviewsUITests */ = {
			isa = PBXGroup;
			children = (
				86B636DE232C37F000E366AC /* tableviewsUITests.swift */,
				86B636E0232C37F000E366AC /* Info.plist */,
			);
			path = tableviewsUITests;
			sourceTree = "<group>";
		};
/* End PBXGroup section */

/* Begin PBXNativeTarget section */
		86B636BA232C37DD00E366AC /* tableviews */ = {
			isa = PBXNativeTarget;
			buildConfigurationList = 86B636E3232C37F000E366AC /* Build configuration list for PBXNativeTarget "tableviews" */;
			buildPhases = (
				86B636B7232C37DD00E366AC /* Sources */,
				86B636B8232C37DD00E366AC /* Frameworks */,
				86B636B9232C37DD00E366AC /* Resources */,
			);
			buildRules = (
			);
			dependencies = (
			);
			name = tableviews;
			productName = tableviews;
			productReference = 86B636BB232C37DD00E366AC /* tableviews.app */;
			productType = "com.apple.product-type.application";
		};
		86B636CE232C37F000E366AC /* tableviewsTests */ = {
			isa = PBXNativeTarget;
			buildConfigurationList = 86B636E6232C37F000E366AC /* Build configuration list for PBXNativeTarget "tableviewsTests" */;
			buildPhases = (
				86B636CB232C37F000E366AC /* Sources */,
				86B636CC232C37F000E366AC /* Frameworks */,
				86B636CD232C37F000E366AC /* Resources */,
			);
			buildRules = (
			);
			dependencies = (
				86B636D1232C37F000E366AC /* PBXTargetDependency */,
			);
			name = tableviewsTests;
			productName = tableviewsTests;
			productReference = 86B636CF232C37F000E366AC /* tableviewsTests.xctest */;
			productType = "com.apple.product-type.bundle.unit-test";
		};
		86B636D9232C37F000E366AC /* tableviewsUITests */ = {
			isa = PBXNativeTarget;
			buildConfigurationList = 86B636E9232C37F000E366AC /* Build configuration list for PBXNativeTarget "tableviewsUITests" */;
			buildPhases = (
				86B636D6232C37F000E366AC /* Sources */,
				86B636D7232C37F000E366AC /* Frameworks */,
				86B636D8232C37F000E366AC /* Resources */,
			);
			buildRules = (
			);
			dependencies = (
				86B636DC232C37F000E366AC /* PBXTargetDependency */,
			);
			name = tableviewsUITests;
			productName = tableviewsUITests;
			productReference = 86B636DA232C37F000E366AC /* tableviewsUITests.xctest */;
			productType = "com.apple.product-type.bundle.ui-testing";
		};
/* End PBXNativeTarget section */

/* Begin PBXProject section */
		86B636B3232C37DD00E366AC /* Project object */ = {
			isa = PBXProject;
			attributes = {
				LastSwiftUpdateCheck = 1030;
				LastUpgradeCheck = 1030;
				ORGANIZATIONNAME = MaestroD1;
				TargetAttributes = {
					86B636BA232C37DD00E366AC = {
						CreatedOnToolsVersion = 10.3;
					};
					86B636CE232C37F000E366AC = {
						CreatedOnToolsVersion = 10.3;
						TestTargetID = 86B636BA232C37DD00E366AC;
					};
					86B636D9232C37F000E366AC = {
						CreatedOnToolsVersion = 10.3;
						TestTargetID = 86B636BA232C37DD00E366AC;
					};
				};
			};
			buildConfigurationList = 86B636B6232C37DD00E366AC /* Build configuration list for PBXProject "tableviews" */;
			compatibilityVersion = "Xcode 9.3";
			developmentRegion = en;
			hasScannedForEncodings = 0;
			knownRegions = (
				en,
				Base,
			);
			mainGroup = 86B636B2232C37DC00E366AC;
			productRefGroup = 86B636BC232C37DD00E366AC /* Products */;
			projectDirPath = "";
			projectRoot = "";
			targets = (
				86B636BA232C37DD00E366AC /* tableviews */,
				86B636CE232C37F000E366AC /* tableviewsTests */,
				86B636D9232C37F000E366AC /* tableviewsUITests */,
			);
		};
/* End PBXProject section */

/* Begin PBXResourcesBuildPhase section */
		86B636B9232C37DD00E366AC /* Resources */ = {
			isa = PBXResourcesBuildPhase;
			buildActionMask = 2147483647;
			files = (
				86B636C9232C37EF00E366AC /* LaunchScreen.storyboard in Resources */,
				86B636C6232C37EF00E366AC /* Assets.xcassets in Resources */,
				86B636C4232C37DD00E366AC /* Main.storyboard in Resources */,
			);
			runOnlyForDeploymentPostprocessing = 0;
		};
		86B636CD232C37F000E366AC /* Resources */ = {
			isa = PBXResourcesBuildPhase;
			buildActionMask = 2147483647;
			files = (
			);
			runOnlyForDeploymentPostprocessing = 0;
		};
		86B636D8232C37F000E366AC /* Resources */ = {
			isa = PBXResourcesBuildPhase;
			buildActionMask = 2147483647;
			files = (
			);
			runOnlyForDeploymentPostprocessing = 0;
		};
/* End PBXResourcesBuildPhase section */

/* Begin PBXSourcesBuildPhase section */
		86B636B7232C37DD00E366AC /* Sources */ = {
			isa = PBXSourcesBuildPhase;
			buildActionMask = 2147483647;
			files = (
				86B636C1232C37DD00E366AC /* ViewController.swift in Sources */,
				86B636BF232C37DD00E366AC /* AppDelegate.swift in Sources */,
				86B636ED232C3F2900E366AC /* CeldaCarroController.swift in Sources */,
				3D31E4F123356E3A003F51D8 /* Carro.swift in Sources */,
			);
			runOnlyForDeploymentPostprocessing = 0;
		};
		86B636CB232C37F000E366AC /* Sources */ = {
			isa = PBXSourcesBuildPhase;
			buildActionMask = 2147483647;
			files = (
				86B636D4232C37F000E366AC /* tableviewsTests.swift in Sources */,
			);
			runOnlyForDeploymentPostprocessing = 0;
		};
		86B636D6232C37F000E366AC /* Sources */ = {
			isa = PBXSourcesBuildPhase;
			buildActionMask = 2147483647;
			files = (
				86B636DF232C37F000E366AC /* tableviewsUITests.swift in Sources */,
			);
			runOnlyForDeploymentPostprocessing = 0;
		};
/* End PBXSourcesBuildPhase section */

/* Begin PBXTargetDependency section */
		86B636D1232C37F000E366AC /* PBXTargetDependency */ = {
			isa = PBXTargetDependency;
			target = 86B636BA232C37DD00E366AC /* tableviews */;
			targetProxy = 86B636D0232C37F000E366AC /* PBXContainerItemProxy */;
		};
		86B636DC232C37F000E366AC /* PBXTargetDependency */ = {
			isa = PBXTargetDependency;
			target = 86B636BA232C37DD00E366AC /* tableviews */;
			targetProxy = 86B636DB232C37F000E366AC /* PBXContainerItemProxy */;
		};
/* End PBXTargetDependency section */

/* Begin PBXVariantGroup section */
		86B636C2232C37DD00E366AC /* Main.storyboard */ = {
			isa = PBXVariantGroup;
			children = (
				86B636C3232C37DD00E366AC /* Base */,
			);
			name = Main.storyboard;
			sourceTree = "<group>";
		};
		86B636C7232C37EF00E366AC /* LaunchScreen.storyboard */ = {
			isa = PBXVariantGroup;
			children = (
				86B636C8232C37EF00E366AC /* Base */,
			);
			name = LaunchScreen.storyboard;
			sourceTree = "<group>";
		};
/* End PBXVariantGroup section */

/* Begin XCBuildConfiguration section */
		86B636E1232C37F000E366AC /* Debug */ = {
			isa = XCBuildConfiguration;
			buildSettings = {
				ALWAYS_SEARCH_USER_PATHS = NO;
				CLANG_ANALYZER_NONNULL = YES;
				CLANG_ANALYZER_NUMBER_OBJECT_CONVERSION = YES_AGGRESSIVE;
				CLANG_CXX_LANGUAGE_STANDARD = "gnu++14";
				CLANG_CXX_LIBRARY = "libc++";
				CLANG_ENABLE_MODULES = YES;
				CLANG_ENABLE_OBJC_ARC = YES;
				CLANG_ENABLE_OBJC_WEAK = YES;
				CLANG_WARN_BLOCK_CAPTURE_AUTORELEASING = YES;
				CLANG_WARN_BOOL_CONVERSION = YES;
				CLANG_WARN_COMMA = YES;
				CLANG_WARN_CONSTANT_CONVERSION = YES;
				CLANG_WARN_DEPRECATED_OBJC_IMPLEMENTATIONS = YES;
				CLANG_WARN_DIRECT_OBJC_ISA_USAGE = YES_ERROR;
				CLANG_WARN_DOCUMENTATION_COMMENTS = YES;
				CLANG_WARN_EMPTY_BODY = YES;
				CLANG_WARN_ENUM_CONVERSION = YES;
				CLANG_WARN_INFINITE_RECURSION = YES;
				CLANG_WARN_INT_CONVERSION = YES;
				CLANG_WARN_NON_LITERAL_NULL_CONVERSION = YES;
				CLANG_WARN_OBJC_IMPLICIT_RETAIN_SELF = YES;
				CLANG_WARN_OBJC_LITERAL_CONVERSION = YES;
				CLANG_WARN_OBJC_ROOT_CLASS = YES_ERROR;
				CLANG_WARN_RANGE_LOOP_ANALYSIS = YES;
				CLANG_WARN_STRICT_PROTOTYPES = YES;
				CLANG_WARN_SUSPICIOUS_MOVE = YES;
				CLANG_WARN_UNGUARDED_AVAILABILITY = YES_AGGRESSIVE;
				CLANG_WARN_UNREACHABLE_CODE = YES;
				CLANG_WARN__DUPLICATE_METHOD_MATCH = YES;
				CODE_SIGN_IDENTITY = "iPhone Developer";
				COPY_PHASE_STRIP = NO;
				DEBUG_INFORMATION_FORMAT = dwarf;
				ENABLE_STRICT_OBJC_MSGSEND = YES;
				ENABLE_TESTABILITY = YES;
				GCC_C_LANGUAGE_STANDARD = gnu11;
				GCC_DYNAMIC_NO_PIC = NO;
				GCC_NO_COMMON_BLOCKS = YES;
				GCC_OPTIMIZATION_LEVEL = 0;
				GCC_PREPROCESSOR_DEFINITIONS = (
					"DEBUG=1",
					"$(inherited)",
				);
				GCC_WARN_64_TO_32_BIT_CONVERSION = YES;
				GCC_WARN_ABOUT_RETURN_TYPE = YES_ERROR;
				GCC_WARN_UNDECLARED_SELECTOR = YES;
				GCC_WARN_UNINITIALIZED_AUTOS = YES_AGGRESSIVE;
				GCC_WARN_UNUSED_FUNCTION = YES;
				GCC_WARN_UNUSED_VARIABLE = YES;
				IPHONEOS_DEPLOYMENT_TARGET = 12.4;
				MTL_ENABLE_DEBUG_INFO = INCLUDE_SOURCE;
				MTL_FAST_MATH = YES;
				ONLY_ACTIVE_ARCH = YES;
				SDKROOT = iphoneos;
				SWIFT_ACTIVE_COMPILATION_CONDITIONS = DEBUG;
				SWIFT_OPTIMIZATION_LEVEL = "-Onone";
			};
			name = Debug;
		};
		86B636E2232C37F000E366AC /* Release */ = {
			isa = XCBuildConfiguration;
			buildSettings = {
				ALWAYS_SEARCH_USER_PATHS = NO;
				CLANG_ANALYZER_NONNULL = YES;
				CLANG_ANALYZER_NUMBER_OBJECT_CONVERSION = YES_AGGRESSIVE;
				CLANG_CXX_LANGUAGE_STANDARD = "gnu++14";
				CLANG_CXX_LIBRARY = "libc++";
				CLANG_ENABLE_MODULES = YES;
				CLANG_ENABLE_OBJC_ARC = YES;
				CLANG_ENABLE_OBJC_WEAK = YES;
				CLANG_WARN_BLOCK_CAPTURE_AUTORELEASING = YES;
				CLANG_WARN_BOOL_CONVERSION = YES;
				CLANG_WARN_COMMA = YES;
				CLANG_WARN_CONSTANT_CONVERSION = YES;
				CLANG_WARN_DEPRECATED_OBJC_IMPLEMENTATIONS = YES;
				CLANG_WARN_DIRECT_OBJC_ISA_USAGE = YES_ERROR;
				CLANG_WARN_DOCUMENTATION_COMMENTS = YES;
				CLANG_WARN_EMPTY_BODY = YES;
				CLANG_WARN_ENUM_CONVERSION = YES;
				CLANG_WARN_INFINITE_RECURSION = YES;
				CLANG_WARN_INT_CONVERSION = YES;
				CLANG_WARN_NON_LITERAL_NULL_CONVERSION = YES;
				CLANG_WARN_OBJC_IMPLICIT_RETAIN_SELF = YES;
				CLANG_WARN_OBJC_LITERAL_CONVERSION = YES;
				CLANG_WARN_OBJC_ROOT_CLASS = YES_ERROR;
				CLANG_WARN_RANGE_LOOP_ANALYSIS = YES;
				CLANG_WARN_STRICT_PROTOTYPES = YES;
				CLANG_WARN_SUSPICIOUS_MOVE = YES;
				CLANG_WARN_UNGUARDED_AVAILABILITY = YES_AGGRESSIVE;
				CLANG_WARN_UNREACHABLE_CODE = YES;
				CLANG_WARN__DUPLICATE_METHOD_MATCH = YES;
				CODE_SIGN_IDENTITY = "iPhone Developer";
				COPY_PHASE_STRIP = NO;
				DEBUG_INFORMATION_FORMAT = "dwarf-with-dsym";
				ENABLE_NS_ASSERTIONS = NO;
				ENABLE_STRICT_OBJC_MSGSEND = YES;
				GCC_C_LANGUAGE_STANDARD = gnu11;
				GCC_NO_COMMON_BLOCKS = YES;
				GCC_WARN_64_TO_32_BIT_CONVERSION = YES;
				GCC_WARN_ABOUT_RETURN_TYPE = YES_ERROR;
				GCC_WARN_UNDECLARED_SELECTOR = YES;
				GCC_WARN_UNINITIALIZED_AUTOS = YES_AGGRESSIVE;
				GCC_WARN_UNUSED_FUNCTION = YES;
				GCC_WARN_UNUSED_VARIABLE = YES;
				IPHONEOS_DEPLOYMENT_TARGET = 12.4;
				MTL_ENABLE_DEBUG_INFO = NO;
				MTL_FAST_MATH = YES;
				SDKROOT = iphoneos;
				SWIFT_COMPILATION_MODE = wholemodule;
				SWIFT_OPTIMIZATION_LEVEL = "-O";
				VALIDATE_PRODUCT = YES;
			};
			name = Release;
		};
		86B636E4232C37F000E366AC /* Debug */ = {
			isa = XCBuildConfiguration;
			buildSettings = {
				ASSETCATALOG_COMPILER_APPICON_NAME = AppIcon;
				CODE_SIGN_STYLE = Automatic;
				INFOPLIST_FILE = tableviews/Info.plist;
				LD_RUNPATH_SEARCH_PATHS = (
					"$(inherited)",
					"@executable_path/Frameworks",
				);
				PRODUCT_BUNDLE_IDENTIFIER = edu.ulsa.tableviews;
				PRODUCT_NAME = "$(TARGET_NAME)";
				SWIFT_VERSION = 5.0;
				TARGETED_DEVICE_FAMILY = "1,2";
			};
			name = Debug;
		};
		86B636E5232C37F000E366AC /* Release */ = {
			isa = XCBuildConfiguration;
			buildSettings = {
				ASSETCATALOG_COMPILER_APPICON_NAME = AppIcon;
				CODE_SIGN_STYLE = Automatic;
				INFOPLIST_FILE = tableviews/Info.plist;
				LD_RUNPATH_SEARCH_PATHS = (
					"$(inherited)",
					"@executable_path/Frameworks",
				);
				PRODUCT_BUNDLE_IDENTIFIER = edu.ulsa.tableviews;
				PRODUCT_NAME = "$(TARGET_NAME)";
				SWIFT_VERSION = 5.0;
				TARGETED_DEVICE_FAMILY = "1,2";
			};
			name = Release;
		};
		86B636E7232C37F000E366AC /* Debug */ = {
			isa = XCBuildConfiguration;
			buildSettings = {
				ALWAYS_EMBED_SWIFT_STANDARD_LIBRARIES = YES;
				BUNDLE_LOADER = "$(TEST_HOST)";
				CODE_SIGN_STYLE = Automatic;
				INFOPLIST_FILE = tableviewsTests/Info.plist;
				LD_RUNPATH_SEARCH_PATHS = (
					"$(inherited)",
					"@executable_path/Frameworks",
					"@loader_path/Frameworks",
				);
				PRODUCT_BUNDLE_IDENTIFIER = edu.ulsa.tableviewsTests;
				PRODUCT_NAME = "$(TARGET_NAME)";
				SWIFT_VERSION = 5.0;
				TARGETED_DEVICE_FAMILY = "1,2";
				TEST_HOST = "$(BUILT_PRODUCTS_DIR)/tableviews.app/tableviews";
			};
			name = Debug;
		};
		86B636E8232C37F000E366AC /* Release */ = {
			isa = XCBuildConfiguration;
			buildSettings = {
				ALWAYS_EMBED_SWIFT_STANDARD_LIBRARIES = YES;
				BUNDLE_LOADER = "$(TEST_HOST)";
				CODE_SIGN_STYLE = Automatic;
				INFOPLIST_FILE = tableviewsTests/Info.plist;
				LD_RUNPATH_SEARCH_PATHS = (
					"$(inherited)",
					"@executable_path/Frameworks",
					"@loader_path/Frameworks",
				);
				PRODUCT_BUNDLE_IDENTIFIER = edu.ulsa.tableviewsTests;
				PRODUCT_NAME = "$(TARGET_NAME)";
				SWIFT_VERSION = 5.0;
				TARGETED_DEVICE_FAMILY = "1,2";
				TEST_HOST = "$(BUILT_PRODUCTS_DIR)/tableviews.app/tableviews";
			};
			name = Release;
		};
		86B636EA232C37F000E366AC /* Debug */ = {
			isa = XCBuildConfiguration;
			buildSettings = {
				ALWAYS_EMBED_SWIFT_STANDARD_LIBRARIES = YES;
				CODE_SIGN_STYLE = Automatic;
				INFOPLIST_FILE = tableviewsUITests/Info.plist;
				LD_RUNPATH_SEARCH_PATHS = (
					"$(inherited)",
					"@executable_path/Frameworks",
					"@loader_path/Frameworks",
				);
				PRODUCT_BUNDLE_IDENTIFIER = edu.ulsa.tableviewsUITests;
				PRODUCT_NAME = "$(TARGET_NAME)";
				SWIFT_VERSION = 5.0;
				TARGETED_DEVICE_FAMILY = "1,2";
				TEST_TARGET_NAME = tableviews;
			};
			name = Debug;
		};
		86B636EB232C37F000E366AC /* Release */ = {
			isa = XCBuildConfiguration;
			buildSettings = {
				ALWAYS_EMBED_SWIFT_STANDARD_LIBRARIES = YES;
				CODE_SIGN_STYLE = Automatic;
				INFOPLIST_FILE = tableviewsUITests/Info.plist;
				LD_RUNPATH_SEARCH_PATHS = (
					"$(inherited)",
					"@executable_path/Frameworks",
					"@loader_path/Frameworks",
				);
				PRODUCT_BUNDLE_IDENTIFIER = edu.ulsa.tableviewsUITests;
				PRODUCT_NAME = "$(TARGET_NAME)";
				SWIFT_VERSION = 5.0;
				TARGETED_DEVICE_FAMILY = "1,2";
				TEST_TARGET_NAME = tableviews;
			};
			name = Release;
		};
/* End XCBuildConfiguration section */

/* Begin XCConfigurationList section */
		86B636B6232C37DD00E366AC /* Build configuration list for PBXProject "tableviews" */ = {
			isa = XCConfigurationList;
			buildConfigurations = (
				86B636E1232C37F000E366AC /* Debug */,
				86B636E2232C37F000E366AC /* Release */,
			);
			defaultConfigurationIsVisible = 0;
			defaultConfigurationName = Release;
		};
		86B636E3232C37F000E366AC /* Build configuration list for PBXNativeTarget "tableviews" */ = {
			isa = XCConfigurationList;
			buildConfigurations = (
				86B636E4232C37F000E366AC /* Debug */,
				86B636E5232C37F000E366AC /* Release */,
			);
			defaultConfigurationIsVisible = 0;
			defaultConfigurationName = Release;
		};
		86B636E6232C37F000E366AC /* Build configuration list for PBXNativeTarget "tableviewsTests" */ = {
			isa = XCConfigurationList;
			buildConfigurations = (
				86B636E7232C37F000E366AC /* Debug */,
				86B636E8232C37F000E366AC /* Release */,
			);
			defaultConfigurationIsVisible = 0;
			defaultConfigurationName = Release;
		};
		86B636E9232C37F000E366AC /* Build configuration list for PBXNativeTarget "tableviewsUITests" */ = {
			isa = XCConfigurationList;
			buildConfigurations = (
				86B636EA232C37F000E366AC /* Debug */,
				86B636EB232C37F000E366AC /* Release */,
			);
			defaultConfigurationIsVisible = 0;
			defaultConfigurationName = Release;
		};
/* End XCConfigurationList section */
	};
	rootObject = 86B636B3232C37DD00E366AC /* Project object */;
}
